// !$*UTF8*$!
{
	archiveVersion = 1;
	classes = {
	};
	objectVersion = 46;
	objects = {

/* Begin PBXBuildFile section */
		D12082531A53972200BE9BB2 /* AppDelegate.swift in Sources */ = {isa = PBXBuildFile; fileRef = D12082521A53972200BE9BB2 /* AppDelegate.swift */; };
		D12082551A53972200BE9BB2 /* ViewController.swift in Sources */ = {isa = PBXBuildFile; fileRef = D12082541A53972200BE9BB2 /* ViewController.swift */; };
		D12082581A53972200BE9BB2 /* Main.storyboard in Resources */ = {isa = PBXBuildFile; fileRef = D12082561A53972200BE9BB2 /* Main.storyboard */; };
		D120825A1A53972200BE9BB2 /* Images.xcassets in Resources */ = {isa = PBXBuildFile; fileRef = D12082591A53972200BE9BB2 /* Images.xcassets */; };
		D120825D1A53972200BE9BB2 /* LaunchScreen.xib in Resources */ = {isa = PBXBuildFile; fileRef = D120825B1A53972200BE9BB2 /* LaunchScreen.xib */; };
		D12082691A53972300BE9BB2 /* _9RedBallonsTests.swift in Sources */ = {isa = PBXBuildFile; fileRef = D12082681A53972300BE9BB2 /* _9RedBallonsTests.swift */; };
/* End PBXBuildFile section */

/* Begin PBXContainerItemProxy section */
		D12082631A53972300BE9BB2 /* PBXContainerItemProxy */ = {
			isa = PBXContainerItemProxy;
			containerPortal = D12082451A53972200BE9BB2 /* Project object */;
			proxyType = 1;
			remoteGlobalIDString = D120824C1A53972200BE9BB2;
			remoteInfo = 99RedBallons;
		};
/* End PBXContainerItemProxy section */

/* Begin PBXFileReference section */
		D120824D1A53972200BE9BB2 /* 99RedBallons.app */ = {isa = PBXFileReference; explicitFileType = wrapper.application; includeInIndex = 0; path = 99RedBallons.app; sourceTree = BUILT_PRODUCTS_DIR; };
		D12082511A53972200BE9BB2 /* Info.plist */ = {isa = PBXFileReference; lastKnownFileType = text.plist.xml; path = Info.plist; sourceTree = "<group>"; };
		D12082521A53972200BE9BB2 /* AppDelegate.swift */ = {isa = PBXFileReference; lastKnownFileType = sourcecode.swift; path = AppDelegate.swift; sourceTree = "<group>"; };
		D12082541A53972200BE9BB2 /* ViewController.swift */ = {isa = PBXFileReference; lastKnownFileType = sourcecode.swift; path = ViewController.swift; sourceTree = "<group>"; };
		D12082571A53972200BE9BB2 /* Base */ = {isa = PBXFileReference; lastKnownFileType = file.storyboard; name = Base; path = Base.lproj/Main.storyboard; sourceTree = "<group>"; };
		D12082591A53972200BE9BB2 /* Images.xcassets */ = {isa = PBXFileReference; lastKnownFileType = folder.assetcatalog; path = Images.xcassets; sourceTree = "<group>"; };
		D120825C1A53972200BE9BB2 /* Base */ = {isa = PBXFileReference; lastKnownFileType = file.xib; name = Base; path = Base.lproj/LaunchScreen.xib; sourceTree = "<group>"; };
		D12082621A53972300BE9BB2 /* 99RedBallonsTests.xctest */ = {isa = PBXFileReference; explicitFileType = wrapper.cfbundle; includeInIndex = 0; path = 99RedBallonsTests.xctest; sourceTree = BUILT_PRODUCTS_DIR; };
		D12082671A53972300BE9BB2 /* Info.plist */ = {isa = PBXFileReference; lastKnownFileType = text.plist.xml; path = Info.plist; sourceTree = "<group>"; };
		D12082681A53972300BE9BB2 /* _9RedBallonsTests.swift */ = {isa = PBXFileReference; lastKnownFileType = sourcecode.swift; path = _9RedBallonsTests.swift; sourceTree = "<group>"; };
/* End PBXFileReference section */

/* Begin PBXFrameworksBuildPhase section */
		D120824A1A53972200BE9BB2 /* Frameworks */ = {
			isa = PBXFrameworksBuildPhase;
			buildActionMask = 2147483647;
			files = (
			);
			runOnlyForDeploymentPostprocessing = 0;
		};
		D120825F1A53972300BE9BB2 /* Frameworks */ = {
			isa = PBXFrameworksBuildPhase;
			buildActionMask = 2147483647;
			files = (
			);
			runOnlyForDeploymentPostprocessing = 0;
		};
/* End PBXFrameworksBuildPhase section */

/* Begin PBXGroup section */
		D12082441A53972200BE9BB2 = {
			isa = PBXGroup;
			children = (
				D120824F1A53972200BE9BB2 /* 99RedBallons */,
				D12082651A53972300BE9BB2 /* 99RedBallonsTests */,
				D120824E1A53972200BE9BB2 /* Products */,
			);
			sourceTree = "<group>";
		};
		D120824E1A53972200BE9BB2 /* Products */ = {
			isa = PBXGroup;
			children = (
				D120824D1A53972200BE9BB2 /* 99RedBallons.app */,
				D12082621A53972300BE9BB2 /* 99RedBallonsTests.xctest */,
			);
			name = Products;
			sourceTree = "<group>";
		};
		D120824F1A53972200BE9BB2 /* 99RedBallons */ = {
			isa = PBXGroup;
			children = (
				D12082521A53972200BE9BB2 /* AppDelegate.swift */,
				D12082541A53972200BE9BB2 /* ViewController.swift */,
				D12082561A53972200BE9BB2 /* Main.storyboard */,
				D12082591A53972200BE9BB2 /* Images.xcassets */,
				D120825B1A53972200BE9BB2 /* LaunchScreen.xib */,
				D12082501A53972200BE9BB2 /* Supporting Files */,
			);
			path = 99RedBallons;
			sourceTree = "<group>";
		};
		D12082501A53972200BE9BB2 /* Supporting Files */ = {
			isa = PBXGroup;
			children = (
				D12082511A53972200BE9BB2 /* Info.plist */,
			);
			name = "Supporting Files";
			sourceTree = "<group>";
		};
		D12082651A53972300BE9BB2 /* 99RedBallonsTests */ = {
			isa = PBXGroup;
			children = (
				D12082681A53972300BE9BB2 /* _9RedBallonsTests.swift */,
				D12082661A53972300BE9BB2 /* Supporting Files */,
			);
			path = 99RedBallonsTests;
			sourceTree = "<group>";
		};
		D12082661A53972300BE9BB2 /* Supporting Files */ = {
			isa = PBXGroup;
			children = (
				D12082671A53972300BE9BB2 /* Info.plist */,
			);
			name = "Supporting Files";
			sourceTree = "<group>";
		};
/* End PBXGroup section */

/* Begin PBXNativeTarget section */
		D120824C1A53972200BE9BB2 /* 99RedBallons */ = {
			isa = PBXNativeTarget;
			buildConfigurationList = D120826C1A53972300BE9BB2 /* Build configuration list for PBXNativeTarget "99RedBallons" */;
			buildPhases = (
				D12082491A53972200BE9BB2 /* Sources */,
				D120824A1A53972200BE9BB2 /* Frameworks */,
				D120824B1A53972200BE9BB2 /* Resources */,
			);
			buildRules = (
			);
			dependencies = (
			);
			name = 99RedBallons;
			productName = 99RedBallons;
			productReference = D120824D1A53972200BE9BB2 /* 99RedBallons.app */;
			productType = "com.apple.product-type.application";
		};
		D12082611A53972300BE9BB2 /* 99RedBallonsTests */ = {
			isa = PBXNativeTarget;
			buildConfigurationList = D120826F1A53972300BE9BB2 /* Build configuration list for PBXNativeTarget "99RedBallonsTests" */;
			buildPhases = (
				D120825E1A53972300BE9BB2 /* Sources */,
				D120825F1A53972300BE9BB2 /* Frameworks */,
				D12082601A53972300BE9BB2 /* Resources */,
			);
			buildRules = (
			);
			dependencies = (
				D12082641A53972300BE9BB2 /* PBXTargetDependency */,
			);
			name = 99RedBallonsTests;
			productName = 99RedBallonsTests;
			productReference = D12082621A53972300BE9BB2 /* 99RedBallonsTests.xctest */;
			productType = "com.apple.product-type.bundle.unit-test";
		};
/* End PBXNativeTarget section */

/* Begin PBXProject section */
		D12082451A53972200BE9BB2 /* Project object */ = {
			isa = PBXProject;
			attributes = {
				LastUpgradeCheck = 0610;
				ORGANIZATIONNAME = Vacano;
				TargetAttributes = {
					D120824C1A53972200BE9BB2 = {
						CreatedOnToolsVersion = 6.1.1;
					};
					D12082611A53972300BE9BB2 = {
						CreatedOnToolsVersion = 6.1.1;
						TestTargetID = D120824C1A53972200BE9BB2;
					};
				};
			};
			buildConfigurationList = D12082481A53972200BE9BB2 /* Build configuration list for PBXProject "99RedBallons" */;
			compatibilityVersion = "Xcode 3.2";
			developmentRegion = English;
			hasScannedForEncodings = 0;
			knownRegions = (
				en,
				Base,
			);
			mainGroup = D12082441A53972200BE9BB2;
			productRefGroup = D120824E1A53972200BE9BB2 /* Products */;
			projectDirPath = "";
			projectRoot = "";
			targets = (
				D120824C1A53972200BE9BB2 /* 99RedBallons */,
				D12082611A53972300BE9BB2 /* 99RedBallonsTests */,
			);
		};
/* End PBXProject section */

/* Begin PBXResourcesBuildPhase section */
		D120824B1A53972200BE9BB2 /* Resources */ = {
			isa = PBXResourcesBuildPhase;
			buildActionMask = 2147483647;
			files = (
				D12082581A53972200BE9BB2 /* Main.storyboard in Resources */,
				D120825D1A53972200BE9BB2 /* LaunchScreen.xib in Resources */,
				D120825A1A53972200BE9BB2 /* Images.xcassets in Resources */,
			);
			runOnlyForDeploymentPostprocessing = 0;
		};
		D12082601A53972300BE9BB2 /* Resources */ = {
			isa = PBXResourcesBuildPhase;
			buildActionMask = 2147483647;
			files = (
			);
			runOnlyForDeploymentPostprocessing = 0;
		};
/* End PBXResourcesBuildPhase section */

/* Begin PBXSourcesBuildPhase section */
		D12082491A53972200BE9BB2 /* Sources */ = {
			isa = PBXSourcesBuildPhase;
			buildActionMask = 2147483647;
			files = (
				D12082551A53972200BE9BB2 /* ViewController.swift in Sources */,
				D12082531A53972200BE9BB2 /* AppDelegate.swift in Sources */,
			);
			runOnlyForDeploymentPostprocessing = 0;
		};
		D120825E1A53972300BE9BB2 /* Sources */ = {
			isa = PBXSourcesBuildPhase;
			buildActionMask = 2147483647;
			files = (
				D12082691A53972300BE9BB2 /* _9RedBallonsTests.swift in Sources */,
			);
			runOnlyForDeploymentPostprocessing = 0;
		};
/* End PBXSourcesBuildPhase section */

/* Begin PBXTargetDependency section */
		D12082641A53972300BE9BB2 /* PBXTargetDependency */ = {
			isa = PBXTargetDependency;
			target = D120824C1A53972200BE9BB2 /* 99RedBallons */;
			targetProxy = D12082631A53972300BE9BB2 /* PBXContainerItemProxy */;
		};
/* End PBXTargetDependency section */

/* Begin PBXVariantGroup section */
		D12082561A53972200BE9BB2 /* Main.storyboard */ = {
			isa = PBXVariantGroup;
			children = (
				D12082571A53972200BE9BB2 /* Base */,
			);
			name = Main.storyboard;
			sourceTree = "<group>";
		};
		D120825B1A53972200BE9BB2 /* LaunchScreen.xib */ = {
			isa = PBXVariantGroup;
			children = (
				D120825C1A53972200BE9BB2 /* Base */,
			);
			name = LaunchScreen.xib;
			sourceTree = "<group>";
		};
/* End PBXVariantGroup section */

/* Begin XCBuildConfiguration section */
		D120826A1A53972300BE9BB2 /* Debug */ = {
			isa = XCBuildConfiguration;
			buildSettings = {
				ALWAYS_SEARCH_USER_PATHS = NO;
				CLANG_CXX_LANGUAGE_STANDARD = "gnu++0x";
				CLANG_CXX_LIBRARY = "libc++";
				CLANG_ENABLE_MODULES = YES;
				CLANG_ENABLE_OBJC_ARC = YES;
				CLANG_WARN_BOOL_CONVERSION = YES;
				CLANG_WARN_CONSTANT_CONVERSION = YES;
				CLANG_WARN_DIRECT_OBJC_ISA_USAGE = YES_ERROR;
				CLANG_WARN_EMPTY_BODY = YES;
				CLANG_WARN_ENUM_CONVERSION = YES;
				CLANG_WARN_INT_CONVERSION = YES;
				CLANG_WARN_OBJC_ROOT_CLASS = YES_ERROR;
				CLANG_WARN_UNREACHABLE_CODE = YES;
				CLANG_WARN__DUPLICATE_METHOD_MATCH = YES;
				"CODE_SIGN_IDENTITY[sdk=iphoneos*]" = "iPhone Developer";
				COPY_PHASE_STRIP = NO;
				ENABLE_STRICT_OBJC_MSGSEND = YES;
				GCC_C_LANGUAGE_STANDARD = gnu99;
				GCC_DYNAMIC_NO_PIC = NO;
				GCC_OPTIMIZATION_LEVEL = 0;
				GCC_PREPROCESSOR_DEFINITIONS = (
					"DEBUG=1",
					"$(inherited)",
				);
				GCC_SYMBOLS_PRIVATE_EXTERN = NO;
				GCC_WARN_64_TO_32_BIT_CONVERSION = YES;
				GCC_WARN_ABOUT_RETURN_TYPE = YES_ERROR;
				GCC_WARN_UNDECLARED_SELECTOR = YES;
				GCC_WARN_UNINITIALIZED_AUTOS = YES_AGGRESSIVE;
				GCC_WARN_UNUSED_FUNCTION = YES;
				GCC_WARN_UNUSED_VARIABLE = YES;
				IPHONEOS_DEPLOYMENT_TARGET = 8.1;
				MTL_ENABLE_DEBUG_INFO = YES;
				ONLY_ACTIVE_ARCH = YES;
				SDKROOT = iphoneos;
				SWIFT_OPTIMIZATION_LEVEL = "-Onone";
				TARGETED_DEVICE_FAMILY = "1,2";
			};
			name = Debug;
		};
		D120826B1A53972300BE9BB2 /* Release */ = {
			isa = XCBuildConfiguration;
			buildSettings = {
				ALWAYS_SEARCH_USER_PATHS = NO;
				CLANG_CXX_LANGUAGE_STANDARD = "gnu++0x";
				CLANG_CXX_LIBRARY = "libc++";
				CLANG_ENABLE_MODULES = YES;
				CLANG_ENABLE_OBJC_ARC = YES;
				CLANG_WARN_BOOL_CONVERSION = YES;
				CLANG_WARN_CONSTANT_CONVERSION = YES;
				CLANG_WARN_DIRECT_OBJC_ISA_USAGE = YES_ERROR;
				CLANG_WARN_EMPTY_BODY = YES;
				CLANG_WARN_ENUM_CONVERSION = YES;
				CLANG_WARN_INT_CONVERSION = YES;
				CLANG_WARN_OBJC_ROOT_CLASS = YES_ERROR;
				CLANG_WARN_UNREACHABLE_CODE = YES;
				CLANG_WARN__DUPLICATE_METHOD_MATCH = YES;
				"CODE_SIGN_IDENTITY[sdk=iphoneos*]" = "iPhone Developer";
				COPY_PHASE_STRIP = YES;
				ENABLE_NS_ASSERTIONS = NO;
				ENABLE_STRICT_OBJC_MSGSEND = YES;
				GCC_C_LANGUAGE_STANDARD = gnu99;
				GCC_WARN_64_TO_32_BIT_CONVERSION = YES;
				GCC_WARN_ABOUT_RETURN_TYPE = YES_ERROR;
				GCC_WARN_UNDECLARED_SELECTOR = YES;
				GCC_WARN_UNINITIALIZED_AUTOS = YES_AGGRESSIVE;
				GCC_WARN_UNUSED_FUNCTION = YES;
				GCC_WARN_UNUSED_VARIABLE = YES;
				IPHONEOS_DEPLOYMENT_TARGET = 8.1;
				MTL_ENABLE_DEBUG_INFO = NO;
				SDKROOT = iphoneos;
				TARGETED_DEVICE_FAMILY = "1,2";
				VALIDATE_PRODUCT = YES;
			};
			name = Release;
		};
		D120826D1A53972300BE9BB2 /* Debug */ = {
			isa = XCBuildConfiguration;
			buildSettings = {
				ASSETCATALOG_COMPILER_APPICON_NAME = AppIcon;
				INFOPLIST_FILE = 99RedBallons/Info.plist;
				LD_RUNPATH_SEARCH_PATHS = "$(inherited) @executable_path/Frameworks";
				PRODUCT_NAME = "$(TARGET_NAME)";
			};
			name = Debug;
		};
		D120826E1A53972300BE9BB2 /* Release */ = {
			isa = XCBuildConfiguration;
			buildSettings = {
				ASSETCATALOG_COMPILER_APPICON_NAME = AppIcon;
				INFOPLIST_FILE = 99RedBallons/Info.plist;
				LD_RUNPATH_SEARCH_PATHS = "$(inherited) @executable_path/Frameworks";
				PRODUCT_NAME = "$(TARGET_NAME)";
			};
			name = Release;
		};
		D12082701A53972300BE9BB2 /* Debug */ = {
			isa = XCBuildConfiguration;
			buildSettings = {
				BUNDLE_LOADER = "$(TEST_HOST)";
				FRAMEWORK_SEARCH_PATHS = (
					"$(SDKROOT)/Developer/Library/Frameworks",
					"$(inherited)",
				);
				GCC_PREPROCESSOR_DEFINITIONS = (
					"DEBUG=1",
					"$(inherited)",
				);
				INFOPLIST_FILE = 99RedBallonsTests/Info.plist;
				LD_RUNPATH_SEARCH_PATHS = "$(inherited) @executable_path/Frameworks @loader_path/Frameworks";
				PRODUCT_NAME = "$(TARGET_NAME)";
				TEST_HOST = "$(BUILT_PRODUCTS_DIR)/99RedBallons.app/99RedBallons";
			};
			name = Debug;
		};
		D12082711A53972300BE9BB2 /* Release */ = {
			isa = XCBuildConfiguration;
			buildSettings = {
				BUNDLE_LOADER = "$(TEST_HOST)";
				FRAMEWORK_SEARCH_PATHS = (
					"$(SDKROOT)/Developer/Library/Frameworks",
					"$(inherited)",
				);
				INFOPLIST_FILE = 99RedBallonsTests/Info.plist;
				LD_RUNPATH_SEARCH_PATHS = "$(inherited) @executable_path/Frameworks @loader_path/Frameworks";
				PRODUCT_NAME = "$(TARGET_NAME)";
				TEST_HOST = "$(BUILT_PRODUCTS_DIR)/99RedBallons.app/99RedBallons";
			};
			name = Release;
		};
/* End XCBuildConfiguration section */

/* Begin XCConfigurationList section */
		D12082481A53972200BE9BB2 /* Build configuration list for PBXProject "99RedBallons" */ = {
			isa = XCConfigurationList;
			buildConfigurations = (
				D120826A1A53972300BE9BB2 /* Debug */,
				D120826B1A53972300BE9BB2 /* Release */,
			);
			defaultConfigurationIsVisible = 0;
			defaultConfigurationName = Release;
		};
		D120826C1A53972300BE9BB2 /* Build configuration list for PBXNativeTarget "99RedBallons" */ = {
			isa = XCConfigurationList;
			buildConfigurations = (
				D120826D1A53972300BE9BB2 /* Debug */,
				D120826E1A53972300BE9BB2 /* Release */,
			);
			defaultConfigurationIsVisible = 0;
		};
		D120826F1A53972300BE9BB2 /* Build configuration list for PBXNativeTarget "99RedBallonsTests" */ = {
			isa = XCConfigurationList;
			buildConfigurations = (
				D12082701A53972300BE9BB2 /* Debug */,
				D12082711A53972300BE9BB2 /* Release */,
			);
			defaultConfigurationIsVisible = 0;
		};
/* End XCConfigurationList section */
	};
	rootObject = D12082451A53972200BE9BB2 /* Project object */;
}
